
Microsoft Visual Studio Solution File, Format Version 12.00
# Visual Studio 2013
VisualStudioVersion = 12.0.30723.0
MinimumVisualStudioVersion = 10.0.40219.1
Project("{2150E333-8FDC-42A3-9474-1A3956D46DE8}") = "src", "src", "{C9E5DEE3-58A1-4308-8DAC-727908DD4F5E}"
EndProject
Project("{FAE04EC0-301F-11D3-BF4B-00C04F79EFBC}") = "Nancy.SOAP", "src\Nancy.SOAP\Nancy.SOAP.csproj", "{9D0766B8-71D0-4053-9656-5984BBD380B9}"
EndProject
Project("{2150E333-8FDC-42A3-9474-1A3956D46DE8}") = "tests", "tests", "{CAF7AA33-0677-4063-9B60-8A377802B4C4}"
EndProject
Project("{FAE04EC0-301F-11D3-BF4B-00C04F79EFBC}") = "Nancy.SOAP.Tests", "tests\Nancy.SOAP.Tests\Nancy.SOAP.Tests.csproj", "{8B8F06C2-F499-45AD-87A8-F61A9E2BDA6A}"
EndProject
Project("{2150E333-8FDC-42A3-9474-1A3956D46DE8}") = "samples", "samples", "{EF5224E4-8080-4B02-80FB-1B2958742182}"
EndProject
Project("{FAE04EC0-301F-11D3-BF4B-00C04F79EFBC}") = "WcfService", "samples\WcfService\WcfService.csproj", "{8FA3CFB1-12FA-4B2A-A1CD-27F3711DC3B8}"
EndProject
Project("{FAE04EC0-301F-11D3-BF4B-00C04F79EFBC}") = "SOAP", "src\SOAP\SOAP.csproj", "{737ECEC8-5E07-49C6-896D-6D63699D7B53}"
EndProject
Project("{FAE04EC0-301F-11D3-BF4B-00C04F79EFBC}") = "SOAP.Tests", "tests\SOAP.Tests\SOAP.Tests.csproj", "{055495AD-2811-4B73-A072-B6B2BBD69E48}"
EndProject
Project("{FAE04EC0-301F-11D3-BF4B-00C04F79EFBC}") = "SoapExample", "samples\SoapExample\SoapExample.csproj", "{ED638DD5-E755-4B7A-940D-5C94AB425686}"
EndProject
Project("{FAE04EC0-301F-11D3-BF4B-00C04F79EFBC}") = "WSDL", "src\WSDL\WSDL.csproj", "{7DC8BD69-715E-4115-85D9-E521D83AF482}"
EndProject
Project("{FAE04EC0-301F-11D3-BF4B-00C04F79EFBC}") = "WSDL.Tests", "tests\WSDL.Tests\WSDL.Tests.csproj", "{1FAA81E6-7B0F-47E1-B952-36DCED166FAC}"
EndProject
Project("{FAE04EC0-301F-11D3-BF4B-00C04F79EFBC}") = "WSDL.Serialization", "src\WSDL.Serialization\WSDL.Serialization.csproj", "{DFFF56CD-6435-4F87-818F-99A9BC9CD3C2}"
EndProject
Project("{FAE04EC0-301F-11D3-BF4B-00C04F79EFBC}") = "SOAP.Serialization", "src\SOAP.Serialization\SOAP.Serialization.csproj", "{CBE9FBA9-BFF5-44EA-B51B-F4058B3C64C9}"
EndProject
Project("{2150E333-8FDC-42A3-9474-1A3956D46DE8}") = "Core", "Core", "{70C4F01F-F993-47DD-9488-2B2381E8A57A}"
EndProject
Project("{2150E333-8FDC-42A3-9474-1A3956D46DE8}") = "ExtendedPackages", "ExtendedPackages", "{05BF2BBF-D2D6-497E-8CF4-4EDC49A7E6B2}"
EndProject
Project("{FAE04EC0-301F-11D3-BF4B-00C04F79EFBC}") = "Nancy.SOAP.TinyIoC", "src\Nancy.SOAP.TinyIoC\Nancy.SOAP.TinyIoC.csproj", "{60226D15-7BBF-4C50-A774-189D617365C0}"
EndProject
Project("{FAE04EC0-301F-11D3-BF4B-00C04F79EFBC}") = "Nancy.SOAP.Autofac", "src\Nancy.SOAP.Autofac\Nancy.SOAP.Autofac.csproj", "{69A8AFE5-5205-483B-BEDA-7BD228D6ECFA}"
EndProject
Project("{2150E333-8FDC-42A3-9474-1A3956D46DE8}") = "Visualization", "Visualization", "{1D9F9ABA-C8A0-4475-89BD-523D10A9F902}"
EndProject
Project("{FAE04EC0-301F-11D3-BF4B-00C04F79EFBC}") = "SOAP.Visualization", "src\SOAP.Visualization\SOAP.Visualization.csproj", "{B4F9C525-5C56-440E-B4C2-972A33D7C8CD}"
EndProject
Global
	GlobalSection(SolutionConfigurationPlatforms) = preSolution
		Debug|Any CPU = Debug|Any CPU
		Release|Any CPU = Release|Any CPU
	EndGlobalSection
	GlobalSection(ProjectConfigurationPlatforms) = postSolution
		{9D0766B8-71D0-4053-9656-5984BBD380B9}.Debug|Any CPU.ActiveCfg = Debug|Any CPU
		{9D0766B8-71D0-4053-9656-5984BBD380B9}.Debug|Any CPU.Build.0 = Debug|Any CPU
		{9D0766B8-71D0-4053-9656-5984BBD380B9}.Release|Any CPU.ActiveCfg = Release|Any CPU
		{9D0766B8-71D0-4053-9656-5984BBD380B9}.Release|Any CPU.Build.0 = Release|Any CPU
		{8B8F06C2-F499-45AD-87A8-F61A9E2BDA6A}.Debug|Any CPU.ActiveCfg = Debug|Any CPU
		{8B8F06C2-F499-45AD-87A8-F61A9E2BDA6A}.Debug|Any CPU.Build.0 = Debug|Any CPU
		{8B8F06C2-F499-45AD-87A8-F61A9E2BDA6A}.Release|Any CPU.ActiveCfg = Release|Any CPU
		{8B8F06C2-F499-45AD-87A8-F61A9E2BDA6A}.Release|Any CPU.Build.0 = Release|Any CPU
		{8FA3CFB1-12FA-4B2A-A1CD-27F3711DC3B8}.Debug|Any CPU.ActiveCfg = Debug|Any CPU
		{8FA3CFB1-12FA-4B2A-A1CD-27F3711DC3B8}.Debug|Any CPU.Build.0 = Debug|Any CPU
		{8FA3CFB1-12FA-4B2A-A1CD-27F3711DC3B8}.Release|Any CPU.ActiveCfg = Release|Any CPU
		{8FA3CFB1-12FA-4B2A-A1CD-27F3711DC3B8}.Release|Any CPU.Build.0 = Release|Any CPU
		{737ECEC8-5E07-49C6-896D-6D63699D7B53}.Debug|Any CPU.ActiveCfg = Debug|Any CPU
		{737ECEC8-5E07-49C6-896D-6D63699D7B53}.Debug|Any CPU.Build.0 = Debug|Any CPU
		{737ECEC8-5E07-49C6-896D-6D63699D7B53}.Release|Any CPU.ActiveCfg = Release|Any CPU
		{737ECEC8-5E07-49C6-896D-6D63699D7B53}.Release|Any CPU.Build.0 = Release|Any CPU
		{055495AD-2811-4B73-A072-B6B2BBD69E48}.Debug|Any CPU.ActiveCfg = Debug|Any CPU
		{055495AD-2811-4B73-A072-B6B2BBD69E48}.Debug|Any CPU.Build.0 = Debug|Any CPU
		{055495AD-2811-4B73-A072-B6B2BBD69E48}.Release|Any CPU.ActiveCfg = Release|Any CPU
		{055495AD-2811-4B73-A072-B6B2BBD69E48}.Release|Any CPU.Build.0 = Release|Any CPU
		{ED638DD5-E755-4B7A-940D-5C94AB425686}.Debug|Any CPU.ActiveCfg = Debug|Any CPU
		{ED638DD5-E755-4B7A-940D-5C94AB425686}.Debug|Any CPU.Build.0 = Debug|Any CPU
		{ED638DD5-E755-4B7A-940D-5C94AB425686}.Release|Any CPU.ActiveCfg = Release|Any CPU
		{ED638DD5-E755-4B7A-940D-5C94AB425686}.Release|Any CPU.Build.0 = Release|Any CPU
		{7DC8BD69-715E-4115-85D9-E521D83AF482}.Debug|Any CPU.ActiveCfg = Debug|Any CPU
		{7DC8BD69-715E-4115-85D9-E521D83AF482}.Debug|Any CPU.Build.0 = Debug|Any CPU
		{7DC8BD69-715E-4115-85D9-E521D83AF482}.Release|Any CPU.ActiveCfg = Release|Any CPU
		{7DC8BD69-715E-4115-85D9-E521D83AF482}.Release|Any CPU.Build.0 = Release|Any CPU
		{1FAA81E6-7B0F-47E1-B952-36DCED166FAC}.Debug|Any CPU.ActiveCfg = Debug|Any CPU
		{1FAA81E6-7B0F-47E1-B952-36DCED166FAC}.Debug|Any CPU.Build.0 = Debug|Any CPU
		{1FAA81E6-7B0F-47E1-B952-36DCED166FAC}.Release|Any CPU.ActiveCfg = Release|Any CPU
		{1FAA81E6-7B0F-47E1-B952-36DCED166FAC}.Release|Any CPU.Build.0 = Release|Any CPU
		{DFFF56CD-6435-4F87-818F-99A9BC9CD3C2}.Debug|Any CPU.ActiveCfg = Debug|Any CPU
		{DFFF56CD-6435-4F87-818F-99A9BC9CD3C2}.Debug|Any CPU.Build.0 = Debug|Any CPU
		{DFFF56CD-6435-4F87-818F-99A9BC9CD3C2}.Release|Any CPU.ActiveCfg = Release|Any CPU
		{DFFF56CD-6435-4F87-818F-99A9BC9CD3C2}.Release|Any CPU.Build.0 = Release|Any CPU
		{CBE9FBA9-BFF5-44EA-B51B-F4058B3C64C9}.Debug|Any CPU.ActiveCfg = Debug|Any CPU
		{CBE9FBA9-BFF5-44EA-B51B-F4058B3C64C9}.Debug|Any CPU.Build.0 = Debug|Any CPU
		{CBE9FBA9-BFF5-44EA-B51B-F4058B3C64C9}.Release|Any CPU.ActiveCfg = Release|Any CPU
		{CBE9FBA9-BFF5-44EA-B51B-F4058B3C64C9}.Release|Any CPU.Build.0 = Release|Any CPU
		{60226D15-7BBF-4C50-A774-189D617365C0}.Debug|Any CPU.ActiveCfg = Debug|Any CPU
		{60226D15-7BBF-4C50-A774-189D617365C0}.Debug|Any CPU.Build.0 = Debug|Any CPU
		{60226D15-7BBF-4C50-A774-189D617365C0}.Release|Any CPU.ActiveCfg = Release|Any CPU
		{60226D15-7BBF-4C50-A774-189D617365C0}.Release|Any CPU.Build.0 = Release|Any CPU
		{69A8AFE5-5205-483B-BEDA-7BD228D6ECFA}.Debug|Any CPU.ActiveCfg = Debug|Any CPU
		{69A8AFE5-5205-483B-BEDA-7BD228D6ECFA}.Debug|Any CPU.Build.0 = Debug|Any CPU
		{69A8AFE5-5205-483B-BEDA-7BD228D6ECFA}.Release|Any CPU.ActiveCfg = Release|Any CPU
		{69A8AFE5-5205-483B-BEDA-7BD228D6ECFA}.Release|Any CPU.Build.0 = Release|Any CPU
		{B4F9C525-5C56-440E-B4C2-972A33D7C8CD}.Debug|Any CPU.ActiveCfg = Debug|Any CPU
		{B4F9C525-5C56-440E-B4C2-972A33D7C8CD}.Debug|Any CPU.Build.0 = Debug|Any CPU
		{B4F9C525-5C56-440E-B4C2-972A33D7C8CD}.Release|Any CPU.ActiveCfg = Release|Any CPU
		{B4F9C525-5C56-440E-B4C2-972A33D7C8CD}.Release|Any CPU.Build.0 = Release|Any CPU
	EndGlobalSection
	GlobalSection(SolutionProperties) = preSolution
		HideSolutionNode = FALSE
	EndGlobalSection
	GlobalSection(NestedProjects) = preSolution
		{9D0766B8-71D0-4053-9656-5984BBD380B9} = {70C4F01F-F993-47DD-9488-2B2381E8A57A}
		{8B8F06C2-F499-45AD-87A8-F61A9E2BDA6A} = {CAF7AA33-0677-4063-9B60-8A377802B4C4}
		{8FA3CFB1-12FA-4B2A-A1CD-27F3711DC3B8} = {EF5224E4-8080-4B02-80FB-1B2958742182}
		{737ECEC8-5E07-49C6-896D-6D63699D7B53} = {70C4F01F-F993-47DD-9488-2B2381E8A57A}
		{055495AD-2811-4B73-A072-B6B2BBD69E48} = {CAF7AA33-0677-4063-9B60-8A377802B4C4}
		{ED638DD5-E755-4B7A-940D-5C94AB425686} = {EF5224E4-8080-4B02-80FB-1B2958742182}
		{7DC8BD69-715E-4115-85D9-E521D83AF482} = {70C4F01F-F993-47DD-9488-2B2381E8A57A}
		{1FAA81E6-7B0F-47E1-B952-36DCED166FAC} = {CAF7AA33-0677-4063-9B60-8A377802B4C4}
		{DFFF56CD-6435-4F87-818F-99A9BC9CD3C2} = {70C4F01F-F993-47DD-9488-2B2381E8A57A}
		{CBE9FBA9-BFF5-44EA-B51B-F4058B3C64C9} = {70C4F01F-F993-47DD-9488-2B2381E8A57A}
		{70C4F01F-F993-47DD-9488-2B2381E8A57A} = {C9E5DEE3-58A1-4308-8DAC-727908DD4F5E}
		{05BF2BBF-D2D6-497E-8CF4-4EDC49A7E6B2} = {C9E5DEE3-58A1-4308-8DAC-727908DD4F5E}
		{60226D15-7BBF-4C50-A774-189D617365C0} = {05BF2BBF-D2D6-497E-8CF4-4EDC49A7E6B2}
		{69A8AFE5-5205-483B-BEDA-7BD228D6ECFA} = {05BF2BBF-D2D6-497E-8CF4-4EDC49A7E6B2}
		{1D9F9ABA-C8A0-4475-89BD-523D10A9F902} = {C9E5DEE3-58A1-4308-8DAC-727908DD4F5E}
		{B4F9C525-5C56-440E-B4C2-972A33D7C8CD} = {1D9F9ABA-C8A0-4475-89BD-523D10A9F902}
	EndGlobalSection
EndGlobal
