
Microsoft Visual Studio Solution File, Format Version 12.00
# Visual Studio 2013
VisualStudioVersion = 12.0.30723.0
MinimumVisualStudioVersion = 10.0.40219.1
Project("{2150E333-8FDC-42A3-9474-1A3956D46DE8}") = "src", "src", "{C9E5DEE3-58A1-4308-8DAC-727908DD4F5E}"
EndProject
Project("{FAE04EC0-301F-11D3-BF4B-00C04F79EFBC}") = "Nancy.SOAP", "src\Nancy.SOAP\Nancy.SOAP.csproj", "{9D0766B8-71D0-4053-9656-5984BBD380B9}"
EndProject
Project("{2150E333-8FDC-42A3-9474-1A3956D46DE8}") = "tests", "tests", "{CAF7AA33-0677-4063-9B60-8A377802B4C4}"
EndProject
Project("{FAE04EC0-301F-11D3-BF4B-00C04F79EFBC}") = "Nancy.SOAP.Tests", "tests\Nancy.SOAP.Tests\Nancy.SOAP.Tests.csproj", "{8B8F06C2-F499-45AD-87A8-F61A9E2BDA6A}"
EndProject
Project("{2150E333-8FDC-42A3-9474-1A3956D46DE8}") = "samples", "samples", "{EF5224E4-8080-4B02-80FB-1B2958742182}"
EndProject
Project("{FAE04EC0-301F-11D3-BF4B-00C04F79EFBC}") = "WSDL.Contracts", "src\WSDL.Contracts\WSDL.Contracts.csproj", "{B141C822-1B6D-444F-8F49-B9D971727801}"
EndProject
Project("{FAE04EC0-301F-11D3-BF4B-00C04F79EFBC}") = "WSDL.Gen", "src\WSDL.Gen\WSDL.Gen.csproj", "{42E04893-97A2-4992-9E4D-88B258E091B0}"
EndProject
Project("{FAE04EC0-301F-11D3-BF4B-00C04F79EFBC}") = "WSDL.Gen.Tests", "tests\WSDL.Gen.Tests\WSDL.Gen.Tests.csproj", "{1C661F6F-75CA-4D73-BE26-6D0F4813BD69}"
EndProject
Project("{FAE04EC0-301F-11D3-BF4B-00C04F79EFBC}") = "WcfService", "samples\WcfService\WcfService.csproj", "{8FA3CFB1-12FA-4B2A-A1CD-27F3711DC3B8}"
EndProject
Project("{FAE04EC0-301F-11D3-BF4B-00C04F79EFBC}") = "SOAP", "src\SOAP\SOAP.csproj", "{737ECEC8-5E07-49C6-896D-6D63699D7B53}"
EndProject
Project("{FAE04EC0-301F-11D3-BF4B-00C04F79EFBC}") = "SOAP.Tests", "tests\SOAP.Tests\SOAP.Tests.csproj", "{055495AD-2811-4B73-A072-B6B2BBD69E48}"
EndProject
Project("{FAE04EC0-301F-11D3-BF4B-00C04F79EFBC}") = "SoapExample", "samples\SoapExample\SoapExample.csproj", "{ED638DD5-E755-4B7A-940D-5C94AB425686}"
EndProject
Global
	GlobalSection(SolutionConfigurationPlatforms) = preSolution
		Debug|Any CPU = Debug|Any CPU
		Release|Any CPU = Release|Any CPU
	EndGlobalSection
	GlobalSection(ProjectConfigurationPlatforms) = postSolution
		{9D0766B8-71D0-4053-9656-5984BBD380B9}.Debug|Any CPU.ActiveCfg = Debug|Any CPU
		{9D0766B8-71D0-4053-9656-5984BBD380B9}.Debug|Any CPU.Build.0 = Debug|Any CPU
		{9D0766B8-71D0-4053-9656-5984BBD380B9}.Release|Any CPU.ActiveCfg = Release|Any CPU
		{9D0766B8-71D0-4053-9656-5984BBD380B9}.Release|Any CPU.Build.0 = Release|Any CPU
		{8B8F06C2-F499-45AD-87A8-F61A9E2BDA6A}.Debug|Any CPU.ActiveCfg = Debug|Any CPU
		{8B8F06C2-F499-45AD-87A8-F61A9E2BDA6A}.Debug|Any CPU.Build.0 = Debug|Any CPU
		{8B8F06C2-F499-45AD-87A8-F61A9E2BDA6A}.Release|Any CPU.ActiveCfg = Release|Any CPU
		{8B8F06C2-F499-45AD-87A8-F61A9E2BDA6A}.Release|Any CPU.Build.0 = Release|Any CPU
		{B141C822-1B6D-444F-8F49-B9D971727801}.Debug|Any CPU.ActiveCfg = Debug|Any CPU
		{B141C822-1B6D-444F-8F49-B9D971727801}.Debug|Any CPU.Build.0 = Debug|Any CPU
		{B141C822-1B6D-444F-8F49-B9D971727801}.Release|Any CPU.ActiveCfg = Release|Any CPU
		{B141C822-1B6D-444F-8F49-B9D971727801}.Release|Any CPU.Build.0 = Release|Any CPU
		{42E04893-97A2-4992-9E4D-88B258E091B0}.Debug|Any CPU.ActiveCfg = Debug|Any CPU
		{42E04893-97A2-4992-9E4D-88B258E091B0}.Debug|Any CPU.Build.0 = Debug|Any CPU
		{42E04893-97A2-4992-9E4D-88B258E091B0}.Release|Any CPU.ActiveCfg = Release|Any CPU
		{42E04893-97A2-4992-9E4D-88B258E091B0}.Release|Any CPU.Build.0 = Release|Any CPU
		{1C661F6F-75CA-4D73-BE26-6D0F4813BD69}.Debug|Any CPU.ActiveCfg = Debug|Any CPU
		{1C661F6F-75CA-4D73-BE26-6D0F4813BD69}.Debug|Any CPU.Build.0 = Debug|Any CPU
		{1C661F6F-75CA-4D73-BE26-6D0F4813BD69}.Release|Any CPU.ActiveCfg = Release|Any CPU
		{1C661F6F-75CA-4D73-BE26-6D0F4813BD69}.Release|Any CPU.Build.0 = Release|Any CPU
		{8FA3CFB1-12FA-4B2A-A1CD-27F3711DC3B8}.Debug|Any CPU.ActiveCfg = Debug|Any CPU
		{8FA3CFB1-12FA-4B2A-A1CD-27F3711DC3B8}.Debug|Any CPU.Build.0 = Debug|Any CPU
		{8FA3CFB1-12FA-4B2A-A1CD-27F3711DC3B8}.Release|Any CPU.ActiveCfg = Release|Any CPU
		{8FA3CFB1-12FA-4B2A-A1CD-27F3711DC3B8}.Release|Any CPU.Build.0 = Release|Any CPU
		{737ECEC8-5E07-49C6-896D-6D63699D7B53}.Debug|Any CPU.ActiveCfg = Debug|Any CPU
		{737ECEC8-5E07-49C6-896D-6D63699D7B53}.Debug|Any CPU.Build.0 = Debug|Any CPU
		{737ECEC8-5E07-49C6-896D-6D63699D7B53}.Release|Any CPU.ActiveCfg = Release|Any CPU
		{737ECEC8-5E07-49C6-896D-6D63699D7B53}.Release|Any CPU.Build.0 = Release|Any CPU
		{055495AD-2811-4B73-A072-B6B2BBD69E48}.Debug|Any CPU.ActiveCfg = Debug|Any CPU
		{055495AD-2811-4B73-A072-B6B2BBD69E48}.Debug|Any CPU.Build.0 = Debug|Any CPU
		{055495AD-2811-4B73-A072-B6B2BBD69E48}.Release|Any CPU.ActiveCfg = Release|Any CPU
		{055495AD-2811-4B73-A072-B6B2BBD69E48}.Release|Any CPU.Build.0 = Release|Any CPU
		{ED638DD5-E755-4B7A-940D-5C94AB425686}.Debug|Any CPU.ActiveCfg = Debug|Any CPU
		{ED638DD5-E755-4B7A-940D-5C94AB425686}.Debug|Any CPU.Build.0 = Debug|Any CPU
		{ED638DD5-E755-4B7A-940D-5C94AB425686}.Release|Any CPU.ActiveCfg = Release|Any CPU
		{ED638DD5-E755-4B7A-940D-5C94AB425686}.Release|Any CPU.Build.0 = Release|Any CPU
	EndGlobalSection
	GlobalSection(SolutionProperties) = preSolution
		HideSolutionNode = FALSE
	EndGlobalSection
	GlobalSection(NestedProjects) = preSolution
		{9D0766B8-71D0-4053-9656-5984BBD380B9} = {C9E5DEE3-58A1-4308-8DAC-727908DD4F5E}
		{8B8F06C2-F499-45AD-87A8-F61A9E2BDA6A} = {CAF7AA33-0677-4063-9B60-8A377802B4C4}
		{B141C822-1B6D-444F-8F49-B9D971727801} = {C9E5DEE3-58A1-4308-8DAC-727908DD4F5E}
		{42E04893-97A2-4992-9E4D-88B258E091B0} = {C9E5DEE3-58A1-4308-8DAC-727908DD4F5E}
		{1C661F6F-75CA-4D73-BE26-6D0F4813BD69} = {CAF7AA33-0677-4063-9B60-8A377802B4C4}
		{8FA3CFB1-12FA-4B2A-A1CD-27F3711DC3B8} = {EF5224E4-8080-4B02-80FB-1B2958742182}
		{737ECEC8-5E07-49C6-896D-6D63699D7B53} = {C9E5DEE3-58A1-4308-8DAC-727908DD4F5E}
		{055495AD-2811-4B73-A072-B6B2BBD69E48} = {CAF7AA33-0677-4063-9B60-8A377802B4C4}
		{ED638DD5-E755-4B7A-940D-5C94AB425686} = {EF5224E4-8080-4B02-80FB-1B2958742182}
	EndGlobalSection
EndGlobal
